
Microsoft Visual Studio Solution File, Format Version 12.00
# Visual Studio Version 17
VisualStudioVersion = 17.7.34202.233
MinimumVisualStudioVersion = 10.0.40219.1
Project("{FAE04EC0-301F-11D3-BF4B-00C04F79EFBC}") = "Cofeeeeeeeeeeeeeeeeeeeeeeee", "Cofeeeeeeeeeeeeeeeeeeeeeeee\Cofeeeeeeeeeeeeeeeeeeeeeeee.csproj", "{08BEE9FB-79F1-4B55-9C85-38B961148D27}"
EndProject
Global
	GlobalSection(SolutionConfigurationPlatforms) = preSolution
		Debug|Any CPU = Debug|Any CPU
		Release|Any CPU = Release|Any CPU
	EndGlobalSection
	GlobalSection(ProjectConfigurationPlatforms) = postSolution
		{08BEE9FB-79F1-4B55-9C85-38B961148D27}.Debug|Any CPU.ActiveCfg = Debug|Any CPU
		{08BEE9FB-79F1-4B55-9C85-38B961148D27}.Debug|Any CPU.Build.0 = Debug|Any CPU
		{08BEE9FB-79F1-4B55-9C85-38B961148D27}.Release|Any CPU.ActiveCfg = Release|Any CPU
		{08BEE9FB-79F1-4B55-9C85-38B961148D27}.Release|Any CPU.Build.0 = Release|Any CPU
	EndGlobalSection
	GlobalSection(SolutionProperties) = preSolution
		HideSolutionNode = FALSE
	EndGlobalSection
	GlobalSection(ExtensibilityGlobals) = postSolution
		SolutionGuid = {934EDC22-2E00-4E19-8ADF-CD693A1C3632}
	EndGlobalSection
EndGlobal
